
Microsoft Visual Studio Solution File, Format Version 12.00
# Visual Studio Version 17
VisualStudioVersion = 17.10.34928.147
MinimumVisualStudioVersion = 10.0.40219.1
Project("{8BC9CEB8-8B4A-11D0-8D11-00A0C91BC942}") = "FiftyOne.Common.C", "FiftyOne.Common.C\FiftyOne.Common.C.vcxproj", "{8E1B0B4C-8220-4E7B-A838-B4B3DDB4CF15}"
EndProject
Project("{8BC9CEB8-8B4A-11D0-8D11-00A0C91BC942}") = "FiftyOne.Common.CPP", "FiftyOne.Common.CPP\FiftyOne.Common.CPP.vcxproj", "{01DCCD38-27CC-4C1A-851F-F1700EDF8BB5}"
EndProject
Project("{2150E333-8FDC-42A3-9474-1A3956D46DE8}") = "Tests", "Tests", "{37220FF1-EB1A-4201-8BFF-3807487B947B}"
EndProject
Project("{2150E333-8FDC-42A3-9474-1A3956D46DE8}") = "Performance", "Performance", "{E4523043-2100-45F4-BB09-AB512D395686}"
EndProject
Project("{8BC9CEB8-8B4A-11D0-8D11-00A0C91BC942}") = "Cache", "Cache\Cache.vcxproj", "{2F31DE2B-66C0-4968-81F6-95C559E981A4}"
EndProject
Project("{2150E333-8FDC-42A3-9474-1A3956D46DE8}") = "Solution Items", "Solution Items", "{682A58D9-A253-4FD5-816A-205985DD5F29}"
	ProjectSection(SolutionItems) = preProject
		Library++.Build.props = Library++.Build.props
		Library.Build.props = Library.Build.props
		..\README.md = ..\README.md
	EndProjectSection
EndProject
Project("{8BC9CEB8-8B4A-11D0-8D11-00A0C91BC942}") = "Fiftyone.Common.Tests", "Fiftyone.Common.Tests\Fiftyone.Common.Tests.vcxproj", "{4804BAB6-CC3D-455A-B359-0ECA128FB245}"
EndProject
Global
	GlobalSection(SolutionConfigurationPlatforms) = preSolution
		Debug|x64 = Debug|x64
		Debug|x86 = Debug|x86
		Debug-LargeDataFiles|x64 = Debug-LargeDataFiles|x64
		Debug-LargeDataFiles|x86 = Debug-LargeDataFiles|x86
		Debug-LargeDataFiles-MemoryOnly|x64 = Debug-LargeDataFiles-MemoryOnly|x64
		Debug-LargeDataFiles-MemoryOnly|x86 = Debug-LargeDataFiles-MemoryOnly|x86
		Debug-MemoryOnly|x64 = Debug-MemoryOnly|x64
		Debug-MemoryOnly|x86 = Debug-MemoryOnly|x86
		Debug-Single|x64 = Debug-Single|x64
		Debug-Single|x86 = Debug-Single|x86
		Release|x64 = Release|x64
		Release|x86 = Release|x86
		Release-LargeDataFiles|x64 = Release-LargeDataFiles|x64
		Release-LargeDataFiles|x86 = Release-LargeDataFiles|x86
		Release-LargeDataFiles-MemoryOnly|x64 = Release-LargeDataFiles-MemoryOnly|x64
		Release-LargeDataFiles-MemoryOnly|x86 = Release-LargeDataFiles-MemoryOnly|x86
		Release-MemoryOnly|x64 = Release-MemoryOnly|x64
		Release-MemoryOnly|x86 = Release-MemoryOnly|x86
		Release-Single|x64 = Release-Single|x64
		Release-Single|x86 = Release-Single|x86
	EndGlobalSection
	GlobalSection(ProjectConfigurationPlatforms) = postSolution
		{8E1B0B4C-8220-4E7B-A838-B4B3DDB4CF15}.Debug|x64.ActiveCfg = Debug|x64
		{8E1B0B4C-8220-4E7B-A838-B4B3DDB4CF15}.Debug|x64.Build.0 = Debug|x64
		{8E1B0B4C-8220-4E7B-A838-B4B3DDB4CF15}.Debug|x86.ActiveCfg = Debug|Win32
		{8E1B0B4C-8220-4E7B-A838-B4B3DDB4CF15}.Debug|x86.Build.0 = Debug|Win32
		{8E1B0B4C-8220-4E7B-A838-B4B3DDB4CF15}.Debug-LargeDataFiles|x64.ActiveCfg = Debug-LargeDataFiles|x64
		{8E1B0B4C-8220-4E7B-A838-B4B3DDB4CF15}.Debug-LargeDataFiles|x64.Build.0 = Debug-LargeDataFiles|x64
		{8E1B0B4C-8220-4E7B-A838-B4B3DDB4CF15}.Debug-LargeDataFiles|x86.ActiveCfg = Debug-LargeDataFiles|x64
		{8E1B0B4C-8220-4E7B-A838-B4B3DDB4CF15}.Debug-LargeDataFiles|x86.Build.0 = Debug-LargeDataFiles|x64
		{8E1B0B4C-8220-4E7B-A838-B4B3DDB4CF15}.Debug-LargeDataFiles-MemoryOnly|x64.ActiveCfg = Debug-LargeDataFiles-MemoryOnly|x64
		{8E1B0B4C-8220-4E7B-A838-B4B3DDB4CF15}.Debug-LargeDataFiles-MemoryOnly|x64.Build.0 = Debug-LargeDataFiles-MemoryOnly|x64
		{8E1B0B4C-8220-4E7B-A838-B4B3DDB4CF15}.Debug-LargeDataFiles-MemoryOnly|x86.ActiveCfg = Debug-LargeDataFiles-MemoryOnly|x64
		{8E1B0B4C-8220-4E7B-A838-B4B3DDB4CF15}.Debug-LargeDataFiles-MemoryOnly|x86.Build.0 = Debug-LargeDataFiles-MemoryOnly|x64
		{8E1B0B4C-8220-4E7B-A838-B4B3DDB4CF15}.Debug-MemoryOnly|x64.ActiveCfg = Debug-MemoryOnly|x64
		{8E1B0B4C-8220-4E7B-A838-B4B3DDB4CF15}.Debug-MemoryOnly|x64.Build.0 = Debug-MemoryOnly|x64
		{8E1B0B4C-8220-4E7B-A838-B4B3DDB4CF15}.Debug-MemoryOnly|x86.ActiveCfg = Debug-MemoryOnly|Win32
		{8E1B0B4C-8220-4E7B-A838-B4B3DDB4CF15}.Debug-MemoryOnly|x86.Build.0 = Debug-MemoryOnly|Win32
		{8E1B0B4C-8220-4E7B-A838-B4B3DDB4CF15}.Debug-Single|x64.ActiveCfg = Debug-Single|x64
		{8E1B0B4C-8220-4E7B-A838-B4B3DDB4CF15}.Debug-Single|x64.Build.0 = Debug-Single|x64
		{8E1B0B4C-8220-4E7B-A838-B4B3DDB4CF15}.Debug-Single|x86.ActiveCfg = Debug-Single|Win32
		{8E1B0B4C-8220-4E7B-A838-B4B3DDB4CF15}.Debug-Single|x86.Build.0 = Debug-Single|Win32
		{8E1B0B4C-8220-4E7B-A838-B4B3DDB4CF15}.Release|x64.ActiveCfg = Release|x64
		{8E1B0B4C-8220-4E7B-A838-B4B3DDB4CF15}.Release|x64.Build.0 = Release|x64
		{8E1B0B4C-8220-4E7B-A838-B4B3DDB4CF15}.Release|x86.ActiveCfg = Release|Win32
		{8E1B0B4C-8220-4E7B-A838-B4B3DDB4CF15}.Release|x86.Build.0 = Release|Win32
		{8E1B0B4C-8220-4E7B-A838-B4B3DDB4CF15}.Release-LargeDataFiles|x64.ActiveCfg = Release-LargeDataFiles|x64
		{8E1B0B4C-8220-4E7B-A838-B4B3DDB4CF15}.Release-LargeDataFiles|x64.Build.0 = Release-LargeDataFiles|x64
		{8E1B0B4C-8220-4E7B-A838-B4B3DDB4CF15}.Release-LargeDataFiles|x86.ActiveCfg = Release-LargeDataFiles|x64
		{8E1B0B4C-8220-4E7B-A838-B4B3DDB4CF15}.Release-LargeDataFiles|x86.Build.0 = Release-LargeDataFiles|x64
		{8E1B0B4C-8220-4E7B-A838-B4B3DDB4CF15}.Release-LargeDataFiles-MemoryOnly|x64.ActiveCfg = Release-LargeDataFiles-MemoryOnly|x64
		{8E1B0B4C-8220-4E7B-A838-B4B3DDB4CF15}.Release-LargeDataFiles-MemoryOnly|x64.Build.0 = Release-LargeDataFiles-MemoryOnly|x64
		{8E1B0B4C-8220-4E7B-A838-B4B3DDB4CF15}.Release-LargeDataFiles-MemoryOnly|x86.ActiveCfg = Release-LargeDataFiles-MemoryOnly|x64
		{8E1B0B4C-8220-4E7B-A838-B4B3DDB4CF15}.Release-LargeDataFiles-MemoryOnly|x86.Build.0 = Release-LargeDataFiles-MemoryOnly|x64
		{8E1B0B4C-8220-4E7B-A838-B4B3DDB4CF15}.Release-MemoryOnly|x64.ActiveCfg = Release-MemoryOnly|x64
		{8E1B0B4C-8220-4E7B-A838-B4B3DDB4CF15}.Release-MemoryOnly|x64.Build.0 = Release-MemoryOnly|x64
		{8E1B0B4C-8220-4E7B-A838-B4B3DDB4CF15}.Release-MemoryOnly|x86.ActiveCfg = Release-MemoryOnly|Win32
		{8E1B0B4C-8220-4E7B-A838-B4B3DDB4CF15}.Release-MemoryOnly|x86.Build.0 = Release-MemoryOnly|Win32
		{8E1B0B4C-8220-4E7B-A838-B4B3DDB4CF15}.Release-Single|x64.ActiveCfg = Release-Single|x64
		{8E1B0B4C-8220-4E7B-A838-B4B3DDB4CF15}.Release-Single|x64.Build.0 = Release-Single|x64
		{8E1B0B4C-8220-4E7B-A838-B4B3DDB4CF15}.Release-Single|x86.ActiveCfg = Release-Single|Win32
		{8E1B0B4C-8220-4E7B-A838-B4B3DDB4CF15}.Release-Single|x86.Build.0 = Release-Single|Win32
		{01DCCD38-27CC-4C1A-851F-F1700EDF8BB5}.Debug|x64.ActiveCfg = Debug|x64
		{01DCCD38-27CC-4C1A-851F-F1700EDF8BB5}.Debug|x64.Build.0 = Debug|x64
		{01DCCD38-27CC-4C1A-851F-F1700EDF8BB5}.Debug|x86.ActiveCfg = Debug|Win32
		{01DCCD38-27CC-4C1A-851F-F1700EDF8BB5}.Debug|x86.Build.0 = Debug|Win32
		{01DCCD38-27CC-4C1A-851F-F1700EDF8BB5}.Debug-LargeDataFiles|x64.ActiveCfg = Debug-LargeDataFiles|x64
		{01DCCD38-27CC-4C1A-851F-F1700EDF8BB5}.Debug-LargeDataFiles|x64.Build.0 = Debug-LargeDataFiles|x64
		{01DCCD38-27CC-4C1A-851F-F1700EDF8BB5}.Debug-LargeDataFiles|x86.ActiveCfg = Debug-LargeDataFiles|x64
		{01DCCD38-27CC-4C1A-851F-F1700EDF8BB5}.Debug-LargeDataFiles|x86.Build.0 = Debug-LargeDataFiles|x64
		{01DCCD38-27CC-4C1A-851F-F1700EDF8BB5}.Debug-LargeDataFiles-MemoryOnly|x64.ActiveCfg = Debug-LargeDataFiles-MemoryOnly|x64
		{01DCCD38-27CC-4C1A-851F-F1700EDF8BB5}.Debug-LargeDataFiles-MemoryOnly|x64.Build.0 = Debug-LargeDataFiles-MemoryOnly|x64
		{01DCCD38-27CC-4C1A-851F-F1700EDF8BB5}.Debug-LargeDataFiles-MemoryOnly|x86.ActiveCfg = Debug-LargeDataFiles-MemoryOnly|x64
		{01DCCD38-27CC-4C1A-851F-F1700EDF8BB5}.Debug-LargeDataFiles-MemoryOnly|x86.Build.0 = Debug-LargeDataFiles-MemoryOnly|x64
		{01DCCD38-27CC-4C1A-851F-F1700EDF8BB5}.Debug-MemoryOnly|x64.ActiveCfg = Debug-MemoryOnly|x64
		{01DCCD38-27CC-4C1A-851F-F1700EDF8BB5}.Debug-MemoryOnly|x64.Build.0 = Debug-MemoryOnly|x64
		{01DCCD38-27CC-4C1A-851F-F1700EDF8BB5}.Debug-MemoryOnly|x86.ActiveCfg = Debug-MemoryOnly|Win32
		{01DCCD38-27CC-4C1A-851F-F1700EDF8BB5}.Debug-MemoryOnly|x86.Build.0 = Debug-MemoryOnly|Win32
		{01DCCD38-27CC-4C1A-851F-F1700EDF8BB5}.Debug-Single|x64.ActiveCfg = Debug-Single|x64
		{01DCCD38-27CC-4C1A-851F-F1700EDF8BB5}.Debug-Single|x64.Build.0 = Debug-Single|x64
		{01DCCD38-27CC-4C1A-851F-F1700EDF8BB5}.Debug-Single|x86.ActiveCfg = Debug-Single|Win32
		{01DCCD38-27CC-4C1A-851F-F1700EDF8BB5}.Debug-Single|x86.Build.0 = Debug-Single|Win32
		{01DCCD38-27CC-4C1A-851F-F1700EDF8BB5}.Release|x64.ActiveCfg = Release|x64
		{01DCCD38-27CC-4C1A-851F-F1700EDF8BB5}.Release|x64.Build.0 = Release|x64
		{01DCCD38-27CC-4C1A-851F-F1700EDF8BB5}.Release|x86.ActiveCfg = Release|Win32
		{01DCCD38-27CC-4C1A-851F-F1700EDF8BB5}.Release|x86.Build.0 = Release|Win32
		{01DCCD38-27CC-4C1A-851F-F1700EDF8BB5}.Release-LargeDataFiles|x64.ActiveCfg = Release-LargeDataFiles|x64
		{01DCCD38-27CC-4C1A-851F-F1700EDF8BB5}.Release-LargeDataFiles|x64.Build.0 = Release-LargeDataFiles|x64
		{01DCCD38-27CC-4C1A-851F-F1700EDF8BB5}.Release-LargeDataFiles|x86.ActiveCfg = Release-LargeDataFiles|x64
		{01DCCD38-27CC-4C1A-851F-F1700EDF8BB5}.Release-LargeDataFiles|x86.Build.0 = Release-LargeDataFiles|x64
		{01DCCD38-27CC-4C1A-851F-F1700EDF8BB5}.Release-LargeDataFiles-MemoryOnly|x64.ActiveCfg = Release-LargeDataFiles-MemoryOnly|x64
		{01DCCD38-27CC-4C1A-851F-F1700EDF8BB5}.Release-LargeDataFiles-MemoryOnly|x64.Build.0 = Release-LargeDataFiles-MemoryOnly|x64
		{01DCCD38-27CC-4C1A-851F-F1700EDF8BB5}.Release-LargeDataFiles-MemoryOnly|x86.ActiveCfg = Release-LargeDataFiles-MemoryOnly|x64
		{01DCCD38-27CC-4C1A-851F-F1700EDF8BB5}.Release-LargeDataFiles-MemoryOnly|x86.Build.0 = Release-LargeDataFiles-MemoryOnly|x64
		{01DCCD38-27CC-4C1A-851F-F1700EDF8BB5}.Release-MemoryOnly|x64.ActiveCfg = Release-MemoryOnly|x64
		{01DCCD38-27CC-4C1A-851F-F1700EDF8BB5}.Release-MemoryOnly|x64.Build.0 = Release-MemoryOnly|x64
		{01DCCD38-27CC-4C1A-851F-F1700EDF8BB5}.Release-MemoryOnly|x86.ActiveCfg = Release-MemoryOnly|Win32
		{01DCCD38-27CC-4C1A-851F-F1700EDF8BB5}.Release-MemoryOnly|x86.Build.0 = Release-MemoryOnly|Win32
		{01DCCD38-27CC-4C1A-851F-F1700EDF8BB5}.Release-Single|x64.ActiveCfg = Release-Single|x64
		{01DCCD38-27CC-4C1A-851F-F1700EDF8BB5}.Release-Single|x64.Build.0 = Release-Single|x64
		{01DCCD38-27CC-4C1A-851F-F1700EDF8BB5}.Release-Single|x86.ActiveCfg = Release-Single|Win32
		{01DCCD38-27CC-4C1A-851F-F1700EDF8BB5}.Release-Single|x86.Build.0 = Release-Single|Win32
		{2F31DE2B-66C0-4968-81F6-95C559E981A4}.Debug|x64.ActiveCfg = Debug|x64
		{2F31DE2B-66C0-4968-81F6-95C559E981A4}.Debug|x64.Build.0 = Debug|x64
		{2F31DE2B-66C0-4968-81F6-95C559E981A4}.Debug|x86.ActiveCfg = Debug|Win32
		{2F31DE2B-66C0-4968-81F6-95C559E981A4}.Debug|x86.Build.0 = Debug|Win32
		{2F31DE2B-66C0-4968-81F6-95C559E981A4}.Debug-LargeDataFiles|x64.ActiveCfg = Debug-LargeDataFiles|x64
		{2F31DE2B-66C0-4968-81F6-95C559E981A4}.Debug-LargeDataFiles|x64.Build.0 = Debug-LargeDataFiles|x64
		{2F31DE2B-66C0-4968-81F6-95C559E981A4}.Debug-LargeDataFiles|x86.ActiveCfg = Debug-LargeDataFiles|x64
		{2F31DE2B-66C0-4968-81F6-95C559E981A4}.Debug-LargeDataFiles|x86.Build.0 = Debug-LargeDataFiles|x64
		{2F31DE2B-66C0-4968-81F6-95C559E981A4}.Debug-LargeDataFiles-MemoryOnly|x64.ActiveCfg = Debug-LargeDataFiles-MemoryOnly|x64
		{2F31DE2B-66C0-4968-81F6-95C559E981A4}.Debug-LargeDataFiles-MemoryOnly|x64.Build.0 = Debug-LargeDataFiles-MemoryOnly|x64
		{2F31DE2B-66C0-4968-81F6-95C559E981A4}.Debug-LargeDataFiles-MemoryOnly|x86.ActiveCfg = Debug-LargeDataFiles-MemoryOnly|x64
		{2F31DE2B-66C0-4968-81F6-95C559E981A4}.Debug-LargeDataFiles-MemoryOnly|x86.Build.0 = Debug-LargeDataFiles-MemoryOnly|x64
		{2F31DE2B-66C0-4968-81F6-95C559E981A4}.Debug-MemoryOnly|x64.ActiveCfg = Debug-MemoryOnly|x64
		{2F31DE2B-66C0-4968-81F6-95C559E981A4}.Debug-MemoryOnly|x64.Build.0 = Debug-MemoryOnly|x64
		{2F31DE2B-66C0-4968-81F6-95C559E981A4}.Debug-MemoryOnly|x86.ActiveCfg = Debug-MemoryOnly|Win32
		{2F31DE2B-66C0-4968-81F6-95C559E981A4}.Debug-MemoryOnly|x86.Build.0 = Debug-MemoryOnly|Win32
		{2F31DE2B-66C0-4968-81F6-95C559E981A4}.Debug-Single|x64.ActiveCfg = Debug-Single|x64
		{2F31DE2B-66C0-4968-81F6-95C559E981A4}.Debug-Single|x64.Build.0 = Debug-Single|x64
		{2F31DE2B-66C0-4968-81F6-95C559E981A4}.Debug-Single|x86.ActiveCfg = Debug-Single|Win32
		{2F31DE2B-66C0-4968-81F6-95C559E981A4}.Debug-Single|x86.Build.0 = Debug-Single|Win32
		{2F31DE2B-66C0-4968-81F6-95C559E981A4}.Release|x64.ActiveCfg = Release|x64
		{2F31DE2B-66C0-4968-81F6-95C559E981A4}.Release|x64.Build.0 = Release|x64
		{2F31DE2B-66C0-4968-81F6-95C559E981A4}.Release|x86.ActiveCfg = Release|Win32
		{2F31DE2B-66C0-4968-81F6-95C559E981A4}.Release|x86.Build.0 = Release|Win32
		{2F31DE2B-66C0-4968-81F6-95C559E981A4}.Release-LargeDataFiles|x64.ActiveCfg = Release-LargeDataFiles|x64
		{2F31DE2B-66C0-4968-81F6-95C559E981A4}.Release-LargeDataFiles|x64.Build.0 = Release-LargeDataFiles|x64
		{2F31DE2B-66C0-4968-81F6-95C559E981A4}.Release-LargeDataFiles|x86.ActiveCfg = Release-LargeDataFiles|x64
		{2F31DE2B-66C0-4968-81F6-95C559E981A4}.Release-LargeDataFiles|x86.Build.0 = Release-LargeDataFiles|x64
		{2F31DE2B-66C0-4968-81F6-95C559E981A4}.Release-LargeDataFiles-MemoryOnly|x64.ActiveCfg = Release-LargeDataFiles-MemoryOnly|x64
		{2F31DE2B-66C0-4968-81F6-95C559E981A4}.Release-LargeDataFiles-MemoryOnly|x64.Build.0 = Release-LargeDataFiles-MemoryOnly|x64
		{2F31DE2B-66C0-4968-81F6-95C559E981A4}.Release-LargeDataFiles-MemoryOnly|x86.ActiveCfg = Release-LargeDataFiles-MemoryOnly|x64
		{2F31DE2B-66C0-4968-81F6-95C559E981A4}.Release-LargeDataFiles-MemoryOnly|x86.Build.0 = Release-LargeDataFiles-MemoryOnly|x64
		{2F31DE2B-66C0-4968-81F6-95C559E981A4}.Release-MemoryOnly|x64.ActiveCfg = Release-MemoryOnly|x64
		{2F31DE2B-66C0-4968-81F6-95C559E981A4}.Release-MemoryOnly|x64.Build.0 = Release-MemoryOnly|x64
		{2F31DE2B-66C0-4968-81F6-95C559E981A4}.Release-MemoryOnly|x86.ActiveCfg = Release-MemoryOnly|Win32
		{2F31DE2B-66C0-4968-81F6-95C559E981A4}.Release-MemoryOnly|x86.Build.0 = Release-MemoryOnly|Win32
		{2F31DE2B-66C0-4968-81F6-95C559E981A4}.Release-Single|x64.ActiveCfg = Release-Single|x64
		{2F31DE2B-66C0-4968-81F6-95C559E981A4}.Release-Single|x64.Build.0 = Release-Single|x64
		{2F31DE2B-66C0-4968-81F6-95C559E981A4}.Release-Single|x86.ActiveCfg = Release-Single|Win32
		{2F31DE2B-66C0-4968-81F6-95C559E981A4}.Release-Single|x86.Build.0 = Release-Single|Win32
		{4804BAB6-CC3D-455A-B359-0ECA128FB245}.Debug|x64.ActiveCfg = Debug|x64
		{4804BAB6-CC3D-455A-B359-0ECA128FB245}.Debug|x64.Build.0 = Debug|x64
		{4804BAB6-CC3D-455A-B359-0ECA128FB245}.Debug|x86.ActiveCfg = Debug|Win32
		{4804BAB6-CC3D-455A-B359-0ECA128FB245}.Debug|x86.Build.0 = Debug|Win32
		{4804BAB6-CC3D-455A-B359-0ECA128FB245}.Debug-LargeDataFiles|x64.ActiveCfg = Debug-LargeDataFiles|x64
		{4804BAB6-CC3D-455A-B359-0ECA128FB245}.Debug-LargeDataFiles|x64.Build.0 = Debug-LargeDataFiles|x64
		{4804BAB6-CC3D-455A-B359-0ECA128FB245}.Debug-LargeDataFiles|x86.ActiveCfg = Debug-LargeDataFiles|x64
		{4804BAB6-CC3D-455A-B359-0ECA128FB245}.Debug-LargeDataFiles|x86.Build.0 = Debug-LargeDataFiles|x64
		{4804BAB6-CC3D-455A-B359-0ECA128FB245}.Debug-LargeDataFiles-MemoryOnly|x64.ActiveCfg = Debug-LargeDataFiles|x64
		{4804BAB6-CC3D-455A-B359-0ECA128FB245}.Debug-LargeDataFiles-MemoryOnly|x64.Build.0 = Debug-LargeDataFiles|x64
		{4804BAB6-CC3D-455A-B359-0ECA128FB245}.Debug-LargeDataFiles-MemoryOnly|x86.ActiveCfg = Debug-LargeDataFiles|x64
		{4804BAB6-CC3D-455A-B359-0ECA128FB245}.Debug-LargeDataFiles-MemoryOnly|x86.Build.0 = Debug-LargeDataFiles|x64
		{4804BAB6-CC3D-455A-B359-0ECA128FB245}.Debug-MemoryOnly|x64.ActiveCfg = Debug-MemoryOnly|x64
		{4804BAB6-CC3D-455A-B359-0ECA128FB245}.Debug-MemoryOnly|x64.Build.0 = Debug-MemoryOnly|x64
		{4804BAB6-CC3D-455A-B359-0ECA128FB245}.Debug-MemoryOnly|x86.ActiveCfg = Debug-MemoryOnly|Win32
		{4804BAB6-CC3D-455A-B359-0ECA128FB245}.Debug-MemoryOnly|x86.Build.0 = Debug-MemoryOnly|Win32
		{4804BAB6-CC3D-455A-B359-0ECA128FB245}.Debug-Single|x64.ActiveCfg = Debug-Single|x64
		{4804BAB6-CC3D-455A-B359-0ECA128FB245}.Debug-Single|x64.Build.0 = Debug-Single|x64
		{4804BAB6-CC3D-455A-B359-0ECA128FB245}.Debug-Single|x86.ActiveCfg = Debug-Single|Win32
		{4804BAB6-CC3D-455A-B359-0ECA128FB245}.Debug-Single|x86.Build.0 = Debug-Single|Win32
		{4804BAB6-CC3D-455A-B359-0ECA128FB245}.Release|x64.ActiveCfg = Release|x64
		{4804BAB6-CC3D-455A-B359-0ECA128FB245}.Release|x64.Build.0 = Release|x64
		{4804BAB6-CC3D-455A-B359-0ECA128FB245}.Release|x86.ActiveCfg = Release|Win32
		{4804BAB6-CC3D-455A-B359-0ECA128FB245}.Release|x86.Build.0 = Release|Win32
		{4804BAB6-CC3D-455A-B359-0ECA128FB245}.Release-LargeDataFiles|x64.ActiveCfg = Release-LargeDataFiles|x64
		{4804BAB6-CC3D-455A-B359-0ECA128FB245}.Release-LargeDataFiles|x64.Build.0 = Release-LargeDataFiles|x64
		{4804BAB6-CC3D-455A-B359-0ECA128FB245}.Release-LargeDataFiles|x86.ActiveCfg = Release-LargeDataFiles|x64
		{4804BAB6-CC3D-455A-B359-0ECA128FB245}.Release-LargeDataFiles|x86.Build.0 = Release-LargeDataFiles|x64
		{4804BAB6-CC3D-455A-B359-0ECA128FB245}.Release-LargeDataFiles-MemoryOnly|x64.ActiveCfg = Release-LargeDataFiles-MemoryOnly|x64
		{4804BAB6-CC3D-455A-B359-0ECA128FB245}.Release-LargeDataFiles-MemoryOnly|x64.Build.0 = Release-LargeDataFiles-MemoryOnly|x64
		{4804BAB6-CC3D-455A-B359-0ECA128FB245}.Release-LargeDataFiles-MemoryOnly|x86.ActiveCfg = Release-LargeDataFiles-MemoryOnly|x64
		{4804BAB6-CC3D-455A-B359-0ECA128FB245}.Release-LargeDataFiles-MemoryOnly|x86.Build.0 = Release-LargeDataFiles-MemoryOnly|x64
		{4804BAB6-CC3D-455A-B359-0ECA128FB245}.Release-MemoryOnly|x64.ActiveCfg = Release-MemoryOnly|x64
		{4804BAB6-CC3D-455A-B359-0ECA128FB245}.Release-MemoryOnly|x64.Build.0 = Release-MemoryOnly|x64
		{4804BAB6-CC3D-455A-B359-0ECA128FB245}.Release-MemoryOnly|x86.ActiveCfg = Release-MemoryOnly|Win32
		{4804BAB6-CC3D-455A-B359-0ECA128FB245}.Release-MemoryOnly|x86.Build.0 = Release-MemoryOnly|Win32
		{4804BAB6-CC3D-455A-B359-0ECA128FB245}.Release-Single|x64.ActiveCfg = Release-Single|x64
		{4804BAB6-CC3D-455A-B359-0ECA128FB245}.Release-Single|x64.Build.0 = Release-Single|x64
		{4804BAB6-CC3D-455A-B359-0ECA128FB245}.Release-Single|x86.ActiveCfg = Release-Single|Win32
		{4804BAB6-CC3D-455A-B359-0ECA128FB245}.Release-Single|x86.Build.0 = Release-Single|Win32
	EndGlobalSection
	GlobalSection(SolutionProperties) = preSolution
		HideSolutionNode = FALSE
	EndGlobalSection
	GlobalSection(NestedProjects) = preSolution
		{2F31DE2B-66C0-4968-81F6-95C559E981A4} = {E4523043-2100-45F4-BB09-AB512D395686}
		{4804BAB6-CC3D-455A-B359-0ECA128FB245} = {37220FF1-EB1A-4201-8BFF-3807487B947B}
	EndGlobalSection
	GlobalSection(ExtensibilityGlobals) = postSolution
		SolutionGuid = {D0F0F4E2-C95E-49A7-BAE3-78F8253984EC}
	EndGlobalSection
EndGlobal
